{
    "_meta": {
        "hash": {
            "sha256": "154a3ab916a48415e05e93f89654a62321ffa7e4de5abda885105d797e912523"
        },
        "pipfile-spec": 6,
        "requires": {
            "python_version": "3.11"
        },
        "sources": [
            {
                "name": "pypi",
                "url": "https://pypi.org/simple",
                "verify_ssl": true
            }
        ]
    },
    "default": {
        "mnemonic": {
            "hashes": [
                "sha256:7c6fb5639d779388027a77944680aee4870f0fcd09b1e42a5525ee2ce4c625f6",
                "sha256:acd2168872d0379e7a10873bb3e12bf6c91b35de758135c4fbd1015ef18fafc5"
            ],
            "index": "pypi",
            "version": "==0.20"
        }
    },
    "develop": {}
}
